
Microsoft Visual Studio Solution File, Format Version 12.00
# Visual Studio Version 17
VisualStudioVersion = 17.0.32014.148
MinimumVisualStudioVersion = 10.0.40219.1
Project("{FAE04EC0-301F-11D3-BF4B-00C04F79EFBC}") = "Tests", "Tests\Tests.csproj", "{D1AF7234-9FB1-467C-9F46-E35757BD6B95}"
EndProject
Project("{FAE04EC0-301F-11D3-BF4B-00C04F79EFBC}") = "Exploring.Thread", "Exploring.Thread\Exploring.Thread.csproj", "{627E464D-4C23-4F48-A257-BBD56C51C239}"
EndProject
Global
	GlobalSection(SolutionConfigurationPlatforms) = preSolution
		Debug|Any CPU = Debug|Any CPU
		Release|Any CPU = Release|Any CPU
	EndGlobalSection
	GlobalSection(ProjectConfigurationPlatforms) = postSolution
		{D1AF7234-9FB1-467C-9F46-E35757BD6B95}.Debug|Any CPU.ActiveCfg = Debug|Any CPU
		{D1AF7234-9FB1-467C-9F46-E35757BD6B95}.Debug|Any CPU.Build.0 = Debug|Any CPU
		{D1AF7234-9FB1-467C-9F46-E35757BD6B95}.Release|Any CPU.ActiveCfg = Release|Any CPU
		{D1AF7234-9FB1-467C-9F46-E35757BD6B95}.Release|Any CPU.Build.0 = Release|Any CPU
		{627E464D-4C23-4F48-A257-BBD56C51C239}.Debug|Any CPU.ActiveCfg = Debug|Any CPU
		{627E464D-4C23-4F48-A257-BBD56C51C239}.Debug|Any CPU.Build.0 = Debug|Any CPU
		{627E464D-4C23-4F48-A257-BBD56C51C239}.Release|Any CPU.ActiveCfg = Release|Any CPU
		{627E464D-4C23-4F48-A257-BBD56C51C239}.Release|Any CPU.Build.0 = Release|Any CPU
	EndGlobalSection
	GlobalSection(SolutionProperties) = preSolution
		HideSolutionNode = FALSE
	EndGlobalSection
	GlobalSection(ExtensibilityGlobals) = postSolution
		SolutionGuid = {0EA8347D-6F9C-48B2-9046-1FC6B95E1632}
	EndGlobalSection
EndGlobal
